
Microsoft Visual Studio Solution File, Format Version 12.00
# Visual Studio Version 17
VisualStudioVersion = 17.3.32825.248
MinimumVisualStudioVersion = 10.0.40219.1
Project("{9A19103F-16F7-4668-BE54-9A1E7A4F7556}") = "DotnettyClient", "DotnettyClient\DotnettyClient.csproj", "{1CAB19DA-AAF4-4377-A786-5C29EC05669F}"
EndProject
Project("{9A19103F-16F7-4668-BE54-9A1E7A4F7556}") = "DotnettyServer", "DotnettyServer\DotnettyServer.csproj", "{378E144E-72B8-4D42-B7BB-D314A92A4DFF}"
EndProject
Project("{9A19103F-16F7-4668-BE54-9A1E7A4F7556}") = "UdpClient", "UdpClient\UdpClient.csproj", "{7320822A-5601-49DB-B480-C63E60CC13D4}"
EndProject
Project("{9A19103F-16F7-4668-BE54-9A1E7A4F7556}") = "WinFormsForCore", "WinFormsForCore\WinFormsForCore.csproj", "{9B6389BF-5030-419B-9291-AEF7F8F58293}"
EndProject
Global
	GlobalSection(SolutionConfigurationPlatforms) = preSolution
		Debug|Any CPU = Debug|Any CPU
		Release|Any CPU = Release|Any CPU
	EndGlobalSection
	GlobalSection(ProjectConfigurationPlatforms) = postSolution
		{1CAB19DA-AAF4-4377-A786-5C29EC05669F}.Debug|Any CPU.ActiveCfg = Debug|Any CPU
		{1CAB19DA-AAF4-4377-A786-5C29EC05669F}.Debug|Any CPU.Build.0 = Debug|Any CPU
		{1CAB19DA-AAF4-4377-A786-5C29EC05669F}.Release|Any CPU.ActiveCfg = Release|Any CPU
		{1CAB19DA-AAF4-4377-A786-5C29EC05669F}.Release|Any CPU.Build.0 = Release|Any CPU
		{378E144E-72B8-4D42-B7BB-D314A92A4DFF}.Debug|Any CPU.ActiveCfg = Debug|Any CPU
		{378E144E-72B8-4D42-B7BB-D314A92A4DFF}.Debug|Any CPU.Build.0 = Debug|Any CPU
		{378E144E-72B8-4D42-B7BB-D314A92A4DFF}.Release|Any CPU.ActiveCfg = Release|Any CPU
		{378E144E-72B8-4D42-B7BB-D314A92A4DFF}.Release|Any CPU.Build.0 = Release|Any CPU
		{7320822A-5601-49DB-B480-C63E60CC13D4}.Debug|Any CPU.ActiveCfg = Debug|Any CPU
		{7320822A-5601-49DB-B480-C63E60CC13D4}.Debug|Any CPU.Build.0 = Debug|Any CPU
		{7320822A-5601-49DB-B480-C63E60CC13D4}.Release|Any CPU.ActiveCfg = Release|Any CPU
		{7320822A-5601-49DB-B480-C63E60CC13D4}.Release|Any CPU.Build.0 = Release|Any CPU
		{9B6389BF-5030-419B-9291-AEF7F8F58293}.Debug|Any CPU.ActiveCfg = Debug|Any CPU
		{9B6389BF-5030-419B-9291-AEF7F8F58293}.Debug|Any CPU.Build.0 = Debug|Any CPU
		{9B6389BF-5030-419B-9291-AEF7F8F58293}.Release|Any CPU.ActiveCfg = Release|Any CPU
		{9B6389BF-5030-419B-9291-AEF7F8F58293}.Release|Any CPU.Build.0 = Release|Any CPU
	EndGlobalSection
	GlobalSection(SolutionProperties) = preSolution
		HideSolutionNode = FALSE
	EndGlobalSection
	GlobalSection(ExtensibilityGlobals) = postSolution
		SolutionGuid = {23651920-A858-4887-BBFB-BE50C8D5667A}
	EndGlobalSection
EndGlobal
